
Microsoft Visual Studio Solution File, Format Version 12.00
# Visual Studio Version 16
VisualStudioVersion = 25.0.1703.5
MinimumVisualStudioVersion = 10.0.40219.1
Project("{FAE04EC0-301F-11D3-BF4B-00C04F79EFBC}") = "SumAlgorithm", "SumAlgorithm\SumAlgorithm.csproj", "{E6FD120A-1E3F-4E57-8A53-B904CE06F555}"
EndProject
Project("{FAE04EC0-301F-11D3-BF4B-00C04F79EFBC}") = "CountAlgorithm", "CountAlgorithm\CountAlgorithm.csproj", "{44739C16-9E33-4658-B368-BED58297EBDE}"
EndProject
Project("{FAE04EC0-301F-11D3-BF4B-00C04F79EFBC}") = "AverageAlgorithm", "AverageAlgorithm\AverageAlgorithm.csproj", "{387BFDA2-AE5D-4486-9834-8ECE99ABD29D}"
EndProject
Project("{FAE04EC0-301F-11D3-BF4B-00C04F79EFBC}") = "MaxAlgorithm", "MaxAlgorithm\MaxAlgorithm.csproj", "{45102B95-489C-4463-A84C-39E0230C25C1}"
EndProject
Project("{FAE04EC0-301F-11D3-BF4B-00C04F79EFBC}") = "MinAlgorithm", "MinAlgorithm\MinAlgorithm.csproj", "{64C0AF26-4ABF-445F-934E-A3458B68BB42}"
EndProject
Project("{FAE04EC0-301F-11D3-BF4B-00C04F79EFBC}") = "Application1_RatingAverage", "Application1_RatingAverage\Application1_RatingAverage.csproj", "{9DC2BC77-813E-4448-8673-5E976C00D60C}"
EndProject
Project("{FAE04EC0-301F-11D3-BF4B-00C04F79EFBC}") = "NearAlgorithm", "NearAlgorithm\NearAlgorithm.csproj", "{480C7490-3C1D-485E-AC5E-77ADEE3793F6}"
EndProject
Project("{FAE04EC0-301F-11D3-BF4B-00C04F79EFBC}") = "RankAlgorithm", "RankAlgorithm\RankAlgorithm.csproj", "{D6BA871A-186E-4899-A148-1B0B076A0CC6}"
EndProject
Project("{FAE04EC0-301F-11D3-BF4B-00C04F79EFBC}") = "SortAlgorithm", "SortAlgorithm\SortAlgorithm.csproj", "{1BBBB82D-7894-4F89-81BA-2F7AB8DF4CE0}"
EndProject
Project("{FAE04EC0-301F-11D3-BF4B-00C04F79EFBC}") = "SearchAlgorithm", "SearchAlgorithm\SearchAlgorithm.csproj", "{AD27C0C4-490C-49DF-8B19-EDAF039B2DA5}"
EndProject
Project("{FAE04EC0-301F-11D3-BF4B-00C04F79EFBC}") = "MergeAlgorithm", "MergeAlgorithm\MergeAlgorithm.csproj", "{3EBCCFA0-E642-4329-8304-D0D195A7B7E2}"
EndProject
Global
	GlobalSection(SolutionConfigurationPlatforms) = preSolution
		Debug|Any CPU = Debug|Any CPU
		Release|Any CPU = Release|Any CPU
	EndGlobalSection
	GlobalSection(ProjectConfigurationPlatforms) = postSolution
		{E6FD120A-1E3F-4E57-8A53-B904CE06F555}.Debug|Any CPU.ActiveCfg = Debug|Any CPU
		{E6FD120A-1E3F-4E57-8A53-B904CE06F555}.Debug|Any CPU.Build.0 = Debug|Any CPU
		{E6FD120A-1E3F-4E57-8A53-B904CE06F555}.Release|Any CPU.ActiveCfg = Release|Any CPU
		{E6FD120A-1E3F-4E57-8A53-B904CE06F555}.Release|Any CPU.Build.0 = Release|Any CPU
		{44739C16-9E33-4658-B368-BED58297EBDE}.Debug|Any CPU.ActiveCfg = Debug|Any CPU
		{44739C16-9E33-4658-B368-BED58297EBDE}.Debug|Any CPU.Build.0 = Debug|Any CPU
		{44739C16-9E33-4658-B368-BED58297EBDE}.Release|Any CPU.ActiveCfg = Release|Any CPU
		{44739C16-9E33-4658-B368-BED58297EBDE}.Release|Any CPU.Build.0 = Release|Any CPU
		{387BFDA2-AE5D-4486-9834-8ECE99ABD29D}.Debug|Any CPU.ActiveCfg = Debug|Any CPU
		{387BFDA2-AE5D-4486-9834-8ECE99ABD29D}.Debug|Any CPU.Build.0 = Debug|Any CPU
		{387BFDA2-AE5D-4486-9834-8ECE99ABD29D}.Release|Any CPU.ActiveCfg = Release|Any CPU
		{387BFDA2-AE5D-4486-9834-8ECE99ABD29D}.Release|Any CPU.Build.0 = Release|Any CPU
		{45102B95-489C-4463-A84C-39E0230C25C1}.Debug|Any CPU.ActiveCfg = Debug|Any CPU
		{45102B95-489C-4463-A84C-39E0230C25C1}.Debug|Any CPU.Build.0 = Debug|Any CPU
		{45102B95-489C-4463-A84C-39E0230C25C1}.Release|Any CPU.ActiveCfg = Release|Any CPU
		{45102B95-489C-4463-A84C-39E0230C25C1}.Release|Any CPU.Build.0 = Release|Any CPU
		{64C0AF26-4ABF-445F-934E-A3458B68BB42}.Debug|Any CPU.ActiveCfg = Debug|Any CPU
		{64C0AF26-4ABF-445F-934E-A3458B68BB42}.Debug|Any CPU.Build.0 = Debug|Any CPU
		{64C0AF26-4ABF-445F-934E-A3458B68BB42}.Release|Any CPU.ActiveCfg = Release|Any CPU
		{64C0AF26-4ABF-445F-934E-A3458B68BB42}.Release|Any CPU.Build.0 = Release|Any CPU
		{9DC2BC77-813E-4448-8673-5E976C00D60C}.Debug|Any CPU.ActiveCfg = Debug|Any CPU
		{9DC2BC77-813E-4448-8673-5E976C00D60C}.Debug|Any CPU.Build.0 = Debug|Any CPU
		{9DC2BC77-813E-4448-8673-5E976C00D60C}.Release|Any CPU.ActiveCfg = Release|Any CPU
		{9DC2BC77-813E-4448-8673-5E976C00D60C}.Release|Any CPU.Build.0 = Release|Any CPU
		{480C7490-3C1D-485E-AC5E-77ADEE3793F6}.Debug|Any CPU.ActiveCfg = Debug|Any CPU
		{480C7490-3C1D-485E-AC5E-77ADEE3793F6}.Debug|Any CPU.Build.0 = Debug|Any CPU
		{480C7490-3C1D-485E-AC5E-77ADEE3793F6}.Release|Any CPU.ActiveCfg = Release|Any CPU
		{480C7490-3C1D-485E-AC5E-77ADEE3793F6}.Release|Any CPU.Build.0 = Release|Any CPU
		{D6BA871A-186E-4899-A148-1B0B076A0CC6}.Debug|Any CPU.ActiveCfg = Debug|Any CPU
		{D6BA871A-186E-4899-A148-1B0B076A0CC6}.Debug|Any CPU.Build.0 = Debug|Any CPU
		{D6BA871A-186E-4899-A148-1B0B076A0CC6}.Release|Any CPU.ActiveCfg = Release|Any CPU
		{D6BA871A-186E-4899-A148-1B0B076A0CC6}.Release|Any CPU.Build.0 = Release|Any CPU
		{1BBBB82D-7894-4F89-81BA-2F7AB8DF4CE0}.Debug|Any CPU.ActiveCfg = Debug|Any CPU
		{1BBBB82D-7894-4F89-81BA-2F7AB8DF4CE0}.Debug|Any CPU.Build.0 = Debug|Any CPU
		{1BBBB82D-7894-4F89-81BA-2F7AB8DF4CE0}.Release|Any CPU.ActiveCfg = Release|Any CPU
		{1BBBB82D-7894-4F89-81BA-2F7AB8DF4CE0}.Release|Any CPU.Build.0 = Release|Any CPU
		{AD27C0C4-490C-49DF-8B19-EDAF039B2DA5}.Debug|Any CPU.ActiveCfg = Debug|Any CPU
		{AD27C0C4-490C-49DF-8B19-EDAF039B2DA5}.Debug|Any CPU.Build.0 = Debug|Any CPU
		{AD27C0C4-490C-49DF-8B19-EDAF039B2DA5}.Release|Any CPU.ActiveCfg = Release|Any CPU
		{AD27C0C4-490C-49DF-8B19-EDAF039B2DA5}.Release|Any CPU.Build.0 = Release|Any CPU
		{3EBCCFA0-E642-4329-8304-D0D195A7B7E2}.Debug|Any CPU.ActiveCfg = Debug|Any CPU
		{3EBCCFA0-E642-4329-8304-D0D195A7B7E2}.Debug|Any CPU.Build.0 = Debug|Any CPU
		{3EBCCFA0-E642-4329-8304-D0D195A7B7E2}.Release|Any CPU.ActiveCfg = Release|Any CPU
		{3EBCCFA0-E642-4329-8304-D0D195A7B7E2}.Release|Any CPU.Build.0 = Release|Any CPU
	EndGlobalSection
	GlobalSection(SolutionProperties) = preSolution
		HideSolutionNode = FALSE
	EndGlobalSection
	GlobalSection(ExtensibilityGlobals) = postSolution
		SolutionGuid = {83315367-4F6E-424B-B521-9D960148AAE4}
	EndGlobalSection
EndGlobal
